
Microsoft Visual Studio Solution File, Format Version 12.00
# Visual Studio Version 17
VisualStudioVersion = 17.0.32014.148
MinimumVisualStudioVersion = 10.0.40219.1
Project("{2150E333-8FDC-42A3-9474-1A3956D46DE8}") = "LearningOpenGL", "LearningOpenGL", "{B06EA47F-3097-427E-8538-09CFBE70ABF7}"
EndProject
Project("{9A19103F-16F7-4668-BE54-9A1E7A4F7556}") = "HabiCS", "HabiCS\HabiCS.csproj", "{5BBF3555-E01A-45F5-BEAB-CB711CB8B731}"
EndProject
Project("{D954291E-2A0B-460D-934E-DC6B0785DB48}") = "Assets", "Assets\Assets.shproj", "{4229BD22-84BF-4AAE-8353-064D024D6122}"
EndProject
Global
	GlobalSection(SharedMSBuildProjectFiles) = preSolution
		Assets\Assets.projitems*{4229bd22-84bf-4aae-8353-064d024d6122}*SharedItemsImports = 13
	EndGlobalSection
	GlobalSection(SolutionConfigurationPlatforms) = preSolution
		Debug|Any CPU = Debug|Any CPU
		Release|Any CPU = Release|Any CPU
	EndGlobalSection
	GlobalSection(ProjectConfigurationPlatforms) = postSolution
		{5BBF3555-E01A-45F5-BEAB-CB711CB8B731}.Debug|Any CPU.ActiveCfg = Debug|Any CPU
		{5BBF3555-E01A-45F5-BEAB-CB711CB8B731}.Debug|Any CPU.Build.0 = Debug|Any CPU
		{5BBF3555-E01A-45F5-BEAB-CB711CB8B731}.Release|Any CPU.ActiveCfg = Release|Any CPU
		{5BBF3555-E01A-45F5-BEAB-CB711CB8B731}.Release|Any CPU.Build.0 = Release|Any CPU
	EndGlobalSection
	GlobalSection(SolutionProperties) = preSolution
		HideSolutionNode = FALSE
	EndGlobalSection
	GlobalSection(ExtensibilityGlobals) = postSolution
		SolutionGuid = {2E3C40BF-44D4-44AA-BEAD-393376065F1C}
	EndGlobalSection
EndGlobal
