
Microsoft Visual Studio Solution File, Format Version 12.00
# Visual Studio Version 17
VisualStudioVersion = 17.0.32014.148
MinimumVisualStudioVersion = 10.0.40219.1
Project("{2150E333-8FDC-42A3-9474-1A3956D46DE8}") = "LearningOpenGL", "LearningOpenGL", "{B06EA47F-3097-427E-8538-09CFBE70ABF7}"
EndProject
Project("{9A19103F-16F7-4668-BE54-9A1E7A4F7556}") = "HabiCS", "HabiCS\HabiCS.csproj", "{5BBF3555-E01A-45F5-BEAB-CB711CB8B731}"
EndProject
Project("{D954291E-2A0B-460D-934E-DC6B0785DB48}") = "Assets", "Assets\Assets.shproj", "{4229BD22-84BF-4AAE-8353-064D024D6122}"
EndProject
Project("{9A19103F-16F7-4668-BE54-9A1E7A4F7556}") = "LGL", "LGL\LGL.csproj", "{50CAC136-3530-407E-B8F4-A910F1ECE00F}"
EndProject
Project("{9A19103F-16F7-4668-BE54-9A1E7A4F7556}") = "Camera", "LearningOpenGL\Camera\Camera.csproj", "{D093F8BB-9180-4AFB-AEAF-253BF7842EBD}"
EndProject
Project("{9A19103F-16F7-4668-BE54-9A1E7A4F7556}") = "Draw2D", "LearningOpenGL\Draw2D\Draw2D.csproj", "{5A35B679-0C8C-45C2-A19F-7C573B80DDBD}"
EndProject
Project("{9A19103F-16F7-4668-BE54-9A1E7A4F7556}") = "Draw3D", "LearningOpenGL\Draw3D\Draw3D.csproj", "{991AC8AC-DAB7-4FF8-9A16-A7BF2D031C36}"
EndProject
Project("{9A19103F-16F7-4668-BE54-9A1E7A4F7556}") = "Lighting", "LearningOpenGL\Lighting\Lighting.csproj", "{3EAB12B0-F6DB-4853-909A-01F266D71559}"
EndProject
Project("{9A19103F-16F7-4668-BE54-9A1E7A4F7556}") = "Texturing", "LearningOpenGL\Texturing\Texturing.csproj", "{40026567-B888-4CF6-975E-930AB0BA51DC}"
EndProject
Project("{9A19103F-16F7-4668-BE54-9A1E7A4F7556}") = "VoxModel", "VoxModel\VoxModel.csproj", "{CE99DF71-872C-43C3-924C-61AA5D03F2EA}"
EndProject
Global
	GlobalSection(SolutionConfigurationPlatforms) = preSolution
		Debug|Any CPU = Debug|Any CPU
		Release|Any CPU = Release|Any CPU
	EndGlobalSection
	GlobalSection(ProjectConfigurationPlatforms) = postSolution
		{5BBF3555-E01A-45F5-BEAB-CB711CB8B731}.Debug|Any CPU.ActiveCfg = Debug|Any CPU
		{5BBF3555-E01A-45F5-BEAB-CB711CB8B731}.Debug|Any CPU.Build.0 = Debug|Any CPU
		{5BBF3555-E01A-45F5-BEAB-CB711CB8B731}.Release|Any CPU.ActiveCfg = Release|Any CPU
		{5BBF3555-E01A-45F5-BEAB-CB711CB8B731}.Release|Any CPU.Build.0 = Release|Any CPU
		{4229BD22-84BF-4AAE-8353-064D024D6122}.Debug|Any CPU.ActiveCfg = Debug|Any CPU
		{4229BD22-84BF-4AAE-8353-064D024D6122}.Release|Any CPU.ActiveCfg = Release|Any CPU
		{50CAC136-3530-407E-B8F4-A910F1ECE00F}.Debug|Any CPU.ActiveCfg = Debug|Any CPU
		{50CAC136-3530-407E-B8F4-A910F1ECE00F}.Debug|Any CPU.Build.0 = Debug|Any CPU
		{50CAC136-3530-407E-B8F4-A910F1ECE00F}.Release|Any CPU.ActiveCfg = Release|Any CPU
		{50CAC136-3530-407E-B8F4-A910F1ECE00F}.Release|Any CPU.Build.0 = Release|Any CPU
		{D093F8BB-9180-4AFB-AEAF-253BF7842EBD}.Debug|Any CPU.ActiveCfg = Debug|Any CPU
		{D093F8BB-9180-4AFB-AEAF-253BF7842EBD}.Debug|Any CPU.Build.0 = Debug|Any CPU
		{D093F8BB-9180-4AFB-AEAF-253BF7842EBD}.Release|Any CPU.ActiveCfg = Release|Any CPU
		{D093F8BB-9180-4AFB-AEAF-253BF7842EBD}.Release|Any CPU.Build.0 = Release|Any CPU
		{5A35B679-0C8C-45C2-A19F-7C573B80DDBD}.Debug|Any CPU.ActiveCfg = Debug|Any CPU
		{5A35B679-0C8C-45C2-A19F-7C573B80DDBD}.Debug|Any CPU.Build.0 = Debug|Any CPU
		{5A35B679-0C8C-45C2-A19F-7C573B80DDBD}.Release|Any CPU.ActiveCfg = Release|Any CPU
		{5A35B679-0C8C-45C2-A19F-7C573B80DDBD}.Release|Any CPU.Build.0 = Release|Any CPU
		{991AC8AC-DAB7-4FF8-9A16-A7BF2D031C36}.Debug|Any CPU.ActiveCfg = Debug|Any CPU
		{991AC8AC-DAB7-4FF8-9A16-A7BF2D031C36}.Debug|Any CPU.Build.0 = Debug|Any CPU
		{991AC8AC-DAB7-4FF8-9A16-A7BF2D031C36}.Release|Any CPU.ActiveCfg = Release|Any CPU
		{991AC8AC-DAB7-4FF8-9A16-A7BF2D031C36}.Release|Any CPU.Build.0 = Release|Any CPU
		{3EAB12B0-F6DB-4853-909A-01F266D71559}.Debug|Any CPU.ActiveCfg = Debug|Any CPU
		{3EAB12B0-F6DB-4853-909A-01F266D71559}.Debug|Any CPU.Build.0 = Debug|Any CPU
		{3EAB12B0-F6DB-4853-909A-01F266D71559}.Release|Any CPU.ActiveCfg = Release|Any CPU
		{3EAB12B0-F6DB-4853-909A-01F266D71559}.Release|Any CPU.Build.0 = Release|Any CPU
		{40026567-B888-4CF6-975E-930AB0BA51DC}.Debug|Any CPU.ActiveCfg = Debug|Any CPU
		{40026567-B888-4CF6-975E-930AB0BA51DC}.Debug|Any CPU.Build.0 = Debug|Any CPU
		{40026567-B888-4CF6-975E-930AB0BA51DC}.Release|Any CPU.ActiveCfg = Release|Any CPU
		{40026567-B888-4CF6-975E-930AB0BA51DC}.Release|Any CPU.Build.0 = Release|Any CPU
		{CE99DF71-872C-43C3-924C-61AA5D03F2EA}.Debug|Any CPU.ActiveCfg = Debug|Any CPU
		{CE99DF71-872C-43C3-924C-61AA5D03F2EA}.Debug|Any CPU.Build.0 = Debug|Any CPU
		{CE99DF71-872C-43C3-924C-61AA5D03F2EA}.Release|Any CPU.ActiveCfg = Release|Any CPU
		{CE99DF71-872C-43C3-924C-61AA5D03F2EA}.Release|Any CPU.Build.0 = Release|Any CPU
	EndGlobalSection
	GlobalSection(SolutionProperties) = preSolution
		HideSolutionNode = FALSE
	EndGlobalSection
	GlobalSection(NestedProjects) = preSolution
		{D093F8BB-9180-4AFB-AEAF-253BF7842EBD} = {B06EA47F-3097-427E-8538-09CFBE70ABF7}
		{5A35B679-0C8C-45C2-A19F-7C573B80DDBD} = {B06EA47F-3097-427E-8538-09CFBE70ABF7}
		{991AC8AC-DAB7-4FF8-9A16-A7BF2D031C36} = {B06EA47F-3097-427E-8538-09CFBE70ABF7}
		{3EAB12B0-F6DB-4853-909A-01F266D71559} = {B06EA47F-3097-427E-8538-09CFBE70ABF7}
		{40026567-B888-4CF6-975E-930AB0BA51DC} = {B06EA47F-3097-427E-8538-09CFBE70ABF7}
	EndGlobalSection
	GlobalSection(ExtensibilityGlobals) = postSolution
		SolutionGuid = {2E3C40BF-44D4-44AA-BEAD-393376065F1C}
	EndGlobalSection
	GlobalSection(SharedMSBuildProjectFiles) = preSolution
		Assets\Assets.projitems*{3eab12b0-f6db-4853-909a-01f266d71559}*SharedItemsImports = 5
		Assets\Assets.projitems*{40026567-b888-4cf6-975e-930ab0ba51dc}*SharedItemsImports = 5
		Assets\Assets.projitems*{4229bd22-84bf-4aae-8353-064d024d6122}*SharedItemsImports = 13
		Assets\Assets.projitems*{5a35b679-0c8c-45c2-a19f-7c573b80ddbd}*SharedItemsImports = 5
		Assets\Assets.projitems*{5bbf3555-e01a-45f5-beab-cb711cb8b731}*SharedItemsImports = 5
		Assets\Assets.projitems*{991ac8ac-dab7-4ff8-9a16-a7bf2d031c36}*SharedItemsImports = 5
		Assets\Assets.projitems*{ce99df71-872c-43c3-924c-61aa5d03f2ea}*SharedItemsImports = 5
		Assets\Assets.projitems*{d093f8bb-9180-4afb-aeaf-253bf7842ebd}*SharedItemsImports = 5
	EndGlobalSection
EndGlobal
